{
  "name": "api",
  "lockfileVersion": 2,
  "requires": true,
  "packages": {
    "": {
      "dependencies": {
        "express-ensure-ctype": "^1.0.0",
        "json-merge-patch": "^1.0.2",
        "json-patch": "^0.7.0"
      }
    },
    "node_modules/express-ensure-ctype": {
      "version": "1.0.0",
      "resolved": "https://registry.npmjs.org/express-ensure-ctype/-/express-ensure-ctype-1.0.0.tgz",
      "integrity": "sha512-DyvKJlpaVdhuiUM7ikIPM/lyIPAsK2G64SKDljtEaFfAUggQtEsr/ciN6g1N7zH0yt22Zla/pxitPQT+4sFrGg=="
    },
    "node_modules/fast-deep-equal": {
      "version": "3.1.3",
      "resolved": "https://registry.npmjs.org/fast-deep-equal/-/fast-deep-equal-3.1.3.tgz",
      "integrity": "sha512-f3qQ9oQy9j2AhBe/H9VC91wLmKBCCU/gDOnKNAYG5hswO7BLKj09Hc5HYNz9cGI++xlpDCIgDaitVs03ATR84Q=="
    },
    "node_modules/json-merge-patch": {
      "version": "1.0.2",
      "resolved": "https://registry.npmjs.org/json-merge-patch/-/json-merge-patch-1.0.2.tgz",
      "integrity": "sha512-M6Vp2GN9L7cfuMXiWOmHj9bEFbeC250iVtcKQbqVgEsDVYnIsrNsbU+h/Y/PkbBQCtEa4Bez+Ebv0zfbC8ObLg==",
      "dependencies": {
        "fast-deep-equal": "^3.1.3"
      }
    },
    "node_modules/json-patch": {
      "version": "0.7.0",
      "resolved": "https://registry.npmjs.org/json-patch/-/json-patch-0.7.0.tgz",
      "integrity": "sha512-9zaGTzsV6Hal5HVMC8kb4niXYQOOcq3tUp0P/GTw6HHZFPVwtCU2+mXE9q59MelL9uknALWnoKrUxnDpUX728g=="
    }
  },
  "dependencies": {
    "express-ensure-ctype": {
      "version": "1.0.0",
      "resolved": "https://registry.npmjs.org/express-ensure-ctype/-/express-ensure-ctype-1.0.0.tgz",
      "integrity": "sha512-DyvKJlpaVdhuiUM7ikIPM/lyIPAsK2G64SKDljtEaFfAUggQtEsr/ciN6g1N7zH0yt22Zla/pxitPQT+4sFrGg=="
    },
    "fast-deep-equal": {
      "version": "3.1.3",
      "resolved": "https://registry.npmjs.org/fast-deep-equal/-/fast-deep-equal-3.1.3.tgz",
      "integrity": "sha512-f3qQ9oQy9j2AhBe/H9VC91wLmKBCCU/gDOnKNAYG5hswO7BLKj09Hc5HYNz9cGI++xlpDCIgDaitVs03ATR84Q=="
    },
    "json-merge-patch": {
      "version": "1.0.2",
      "resolved": "https://registry.npmjs.org/json-merge-patch/-/json-merge-patch-1.0.2.tgz",
      "integrity": "sha512-M6Vp2GN9L7cfuMXiWOmHj9bEFbeC250iVtcKQbqVgEsDVYnIsrNsbU+h/Y/PkbBQCtEa4Bez+Ebv0zfbC8ObLg==",
      "requires": {
        "fast-deep-equal": "^3.1.3"
      }
    },
    "json-patch": {
      "version": "0.7.0",
      "resolved": "https://registry.npmjs.org/json-patch/-/json-patch-0.7.0.tgz",
      "integrity": "sha512-9zaGTzsV6Hal5HVMC8kb4niXYQOOcq3tUp0P/GTw6HHZFPVwtCU2+mXE9q59MelL9uknALWnoKrUxnDpUX728g=="
    }
  }
}
